
Microsoft Visual Studio Solution File, Format Version 12.00
# Visual Studio Version 17
VisualStudioVersion = 17.7.34202.233
MinimumVisualStudioVersion = 10.0.40219.1
Project("{9A19103F-16F7-4668-BE54-9A1E7A4F7556}") = "FarmaSupply", "FarmaSupply\FarmaSupply.csproj", "{7A12B29C-F0B9-4A4B-BABF-8C7164D5E24C}"
EndProject
Project("{9A19103F-16F7-4668-BE54-9A1E7A4F7556}") = "DAL", "DAL\DAL.csproj", "{53035767-89F6-44A4-B870-D28116FC9C8E}"
EndProject
Global
	GlobalSection(SolutionConfigurationPlatforms) = preSolution
		Debug|Any CPU = Debug|Any CPU
		Release|Any CPU = Release|Any CPU
	EndGlobalSection
	GlobalSection(ProjectConfigurationPlatforms) = postSolution
		{7A12B29C-F0B9-4A4B-BABF-8C7164D5E24C}.Debug|Any CPU.ActiveCfg = Debug|Any CPU
		{7A12B29C-F0B9-4A4B-BABF-8C7164D5E24C}.Debug|Any CPU.Build.0 = Debug|Any CPU
		{7A12B29C-F0B9-4A4B-BABF-8C7164D5E24C}.Release|Any CPU.ActiveCfg = Release|Any CPU
		{7A12B29C-F0B9-4A4B-BABF-8C7164D5E24C}.Release|Any CPU.Build.0 = Release|Any CPU
		{53035767-89F6-44A4-B870-D28116FC9C8E}.Debug|Any CPU.ActiveCfg = Debug|Any CPU
		{53035767-89F6-44A4-B870-D28116FC9C8E}.Debug|Any CPU.Build.0 = Debug|Any CPU
		{53035767-89F6-44A4-B870-D28116FC9C8E}.Release|Any CPU.ActiveCfg = Release|Any CPU
		{53035767-89F6-44A4-B870-D28116FC9C8E}.Release|Any CPU.Build.0 = Release|Any CPU
	EndGlobalSection
	GlobalSection(SolutionProperties) = preSolution
		HideSolutionNode = FALSE
	EndGlobalSection
	GlobalSection(ExtensibilityGlobals) = postSolution
		SolutionGuid = {47AA213D-6E18-43C8-B562-2219C8CEF066}
	EndGlobalSection
EndGlobal
